// !$*UTF8*$!
{
	archiveVersion = 1;
	classes = {
	};
	objectVersion = 55;
	objects = {

/* Begin PBXBuildFile section */
		040C6980297A737900F28EEB /* CompositionalLayout.swift in Sources */ = {isa = PBXBuildFile; fileRef = 040C697F297A737900F28EEB /* CompositionalLayout.swift */; };
		040C6983297B1CE300F28EEB /* NatureCollectionViewCell.swift in Sources */ = {isa = PBXBuildFile; fileRef = 040C6981297B1CE300F28EEB /* NatureCollectionViewCell.swift */; };
		040C6984297B1CE300F28EEB /* NatureCollectionViewCell.xib in Resources */ = {isa = PBXBuildFile; fileRef = 040C6982297B1CE300F28EEB /* NatureCollectionViewCell.xib */; };
		040C6988297B219A00F28EEB /* UIView+Extension.swift in Sources */ = {isa = PBXBuildFile; fileRef = 040C6987297B219A00F28EEB /* UIView+Extension.swift */; };
		04D797FC297A578900DC9C6F /* AppDelegate.swift in Sources */ = {isa = PBXBuildFile; fileRef = 04D797FB297A578900DC9C6F /* AppDelegate.swift */; };
		04D797FE297A578900DC9C6F /* SceneDelegate.swift in Sources */ = {isa = PBXBuildFile; fileRef = 04D797FD297A578900DC9C6F /* SceneDelegate.swift */; };
		04D79800297A578900DC9C6F /* CompositonalLayoutViewController.swift in Sources */ = {isa = PBXBuildFile; fileRef = 04D797FF297A578900DC9C6F /* CompositonalLayoutViewController.swift */; };
		04D79803297A578900DC9C6F /* Main.storyboard in Resources */ = {isa = PBXBuildFile; fileRef = 04D79801297A578900DC9C6F /* Main.storyboard */; };
		04D79805297A578B00DC9C6F /* Assets.xcassets in Resources */ = {isa = PBXBuildFile; fileRef = 04D79804297A578B00DC9C6F /* Assets.xcassets */; };
		04D79808297A578B00DC9C6F /* LaunchScreen.storyboard in Resources */ = {isa = PBXBuildFile; fileRef = 04D79806297A578B00DC9C6F /* LaunchScreen.storyboard */; };
/* End PBXBuildFile section */

/* Begin PBXFileReference section */
		040C697F297A737900F28EEB /* CompositionalLayout.swift */ = {isa = PBXFileReference; lastKnownFileType = sourcecode.swift; path = CompositionalLayout.swift; sourceTree = "<group>"; };
		040C6981297B1CE300F28EEB /* NatureCollectionViewCell.swift */ = {isa = PBXFileReference; lastKnownFileType = sourcecode.swift; path = NatureCollectionViewCell.swift; sourceTree = "<group>"; };
		040C6982297B1CE300F28EEB /* NatureCollectionViewCell.xib */ = {isa = PBXFileReference; lastKnownFileType = file.xib; path = NatureCollectionViewCell.xib; sourceTree = "<group>"; };
		040C6987297B219A00F28EEB /* UIView+Extension.swift */ = {isa = PBXFileReference; lastKnownFileType = sourcecode.swift; path = "UIView+Extension.swift"; sourceTree = "<group>"; };
		04D797F8297A578900DC9C6F /* UICollectionViewCompositionalLayout.app */ = {isa = PBXFileReference; explicitFileType = wrapper.application; includeInIndex = 0; path = UICollectionViewCompositionalLayout.app; sourceTree = BUILT_PRODUCTS_DIR; };
		04D797FB297A578900DC9C6F /* AppDelegate.swift */ = {isa = PBXFileReference; lastKnownFileType = sourcecode.swift; path = AppDelegate.swift; sourceTree = "<group>"; };
		04D797FD297A578900DC9C6F /* SceneDelegate.swift */ = {isa = PBXFileReference; lastKnownFileType = sourcecode.swift; path = SceneDelegate.swift; sourceTree = "<group>"; };
		04D797FF297A578900DC9C6F /* CompositonalLayoutViewController.swift */ = {isa = PBXFileReference; lastKnownFileType = sourcecode.swift; path = CompositonalLayoutViewController.swift; sourceTree = "<group>"; };
		04D79802297A578900DC9C6F /* Base */ = {isa = PBXFileReference; lastKnownFileType = file.storyboard; name = Base; path = Base.lproj/Main.storyboard; sourceTree = "<group>"; };
		04D79804297A578B00DC9C6F /* Assets.xcassets */ = {isa = PBXFileReference; lastKnownFileType = folder.assetcatalog; path = Assets.xcassets; sourceTree = "<group>"; };
		04D79807297A578B00DC9C6F /* Base */ = {isa = PBXFileReference; lastKnownFileType = file.storyboard; name = Base; path = Base.lproj/LaunchScreen.storyboard; sourceTree = "<group>"; };
		04D79809297A578B00DC9C6F /* Info.plist */ = {isa = PBXFileReference; lastKnownFileType = text.plist.xml; path = Info.plist; sourceTree = "<group>"; };
/* End PBXFileReference section */

/* Begin PBXFrameworksBuildPhase section */
		04D797F5297A578800DC9C6F /* Frameworks */ = {
			isa = PBXFrameworksBuildPhase;
			buildActionMask = 2147483647;
			files = (
			);
			runOnlyForDeploymentPostprocessing = 0;
		};
/* End PBXFrameworksBuildPhase section */

/* Begin PBXGroup section */
		040C6985297B20BE00F28EEB /* Nature */ = {
			isa = PBXGroup;
			children = (
				04D797FF297A578900DC9C6F /* CompositonalLayoutViewController.swift */,
				040C6981297B1CE300F28EEB /* NatureCollectionViewCell.swift */,
				040C6982297B1CE300F28EEB /* NatureCollectionViewCell.xib */,
			);
			path = Nature;
			sourceTree = "<group>";
		};
		040C6986297B213D00F28EEB /* Extensions */ = {
			isa = PBXGroup;
			children = (
				040C6987297B219A00F28EEB /* UIView+Extension.swift */,
			);
			path = Extensions;
			sourceTree = "<group>";
		};
		04D797EF297A578800DC9C6F = {
			isa = PBXGroup;
			children = (
				04D797FA297A578900DC9C6F /* UICollectionViewCompositionalLayout */,
				04D797F9297A578900DC9C6F /* Products */,
			);
			sourceTree = "<group>";
		};
		04D797F9297A578900DC9C6F /* Products */ = {
			isa = PBXGroup;
			children = (
				04D797F8297A578900DC9C6F /* UICollectionViewCompositionalLayout.app */,
			);
			name = Products;
			sourceTree = "<group>";
		};
		04D797FA297A578900DC9C6F /* UICollectionViewCompositionalLayout */ = {
			isa = PBXGroup;
			children = (
				040C6986297B213D00F28EEB /* Extensions */,
				040C6985297B20BE00F28EEB /* Nature */,
				040C697F297A737900F28EEB /* CompositionalLayout.swift */,
				04D797FB297A578900DC9C6F /* AppDelegate.swift */,
				04D797FD297A578900DC9C6F /* SceneDelegate.swift */,
				04D79801297A578900DC9C6F /* Main.storyboard */,
				04D79804297A578B00DC9C6F /* Assets.xcassets */,
				04D79806297A578B00DC9C6F /* LaunchScreen.storyboard */,
				04D79809297A578B00DC9C6F /* Info.plist */,
			);
			path = UICollectionViewCompositionalLayout;
			sourceTree = "<group>";
		};
/* End PBXGroup section */

/* Begin PBXNativeTarget section */
		04D797F7297A578800DC9C6F /* UICollectionViewCompositionalLayout */ = {
			isa = PBXNativeTarget;
			buildConfigurationList = 04D7980C297A578B00DC9C6F /* Build configuration list for PBXNativeTarget "UICollectionViewCompositionalLayout" */;
			buildPhases = (
				04D797F4297A578800DC9C6F /* Sources */,
				04D797F5297A578800DC9C6F /* Frameworks */,
				04D797F6297A578800DC9C6F /* Resources */,
			);
			buildRules = (
			);
			dependencies = (
			);
			name = UICollectionViewCompositionalLayout;
			productName = UICollectionViewCompositionalLayout;
			productReference = 04D797F8297A578900DC9C6F /* UICollectionViewCompositionalLayout.app */;
			productType = "com.apple.product-type.application";
		};
/* End PBXNativeTarget section */

/* Begin PBXProject section */
		04D797F0297A578800DC9C6F /* Project object */ = {
			isa = PBXProject;
			attributes = {
				BuildIndependentTargetsInParallel = 1;
				LastSwiftUpdateCheck = 1320;
				LastUpgradeCheck = 1320;
				TargetAttributes = {
					04D797F7297A578800DC9C6F = {
						CreatedOnToolsVersion = 13.2.1;
					};
				};
			};
			buildConfigurationList = 04D797F3297A578800DC9C6F /* Build configuration list for PBXProject "UICollectionViewCompositionalLayout" */;
			compatibilityVersion = "Xcode 13.0";
			developmentRegion = en;
			hasScannedForEncodings = 0;
			knownRegions = (
				en,
				Base,
			);
			mainGroup = 04D797EF297A578800DC9C6F;
			productRefGroup = 04D797F9297A578900DC9C6F /* Products */;
			projectDirPath = "";
			projectRoot = "";
			targets = (
				04D797F7297A578800DC9C6F /* UICollectionViewCompositionalLayout */,
			);
		};
/* End PBXProject section */

/* Begin PBXResourcesBuildPhase section */
		04D797F6297A578800DC9C6F /* Resources */ = {
			isa = PBXResourcesBuildPhase;
			buildActionMask = 2147483647;
			files = (
				04D79808297A578B00DC9C6F /* LaunchScreen.storyboard in Resources */,
				04D79805297A578B00DC9C6F /* Assets.xcassets in Resources */,
				04D79803297A578900DC9C6F /* Main.storyboard in Resources */,
				040C6984297B1CE300F28EEB /* NatureCollectionViewCell.xib in Resources */,
			);
			runOnlyForDeploymentPostprocessing = 0;
		};
/* End PBXResourcesBuildPhase section */

/* Begin PBXSourcesBuildPhase section */
		04D797F4297A578800DC9C6F /* Sources */ = {
			isa = PBXSourcesBuildPhase;
			buildActionMask = 2147483647;
			files = (
				040C6988297B219A00F28EEB /* UIView+Extension.swift in Sources */,
				040C6980297A737900F28EEB /* CompositionalLayout.swift in Sources */,
				04D79800297A578900DC9C6F /* CompositonalLayoutViewController.swift in Sources */,
				04D797FC297A578900DC9C6F /* AppDelegate.swift in Sources */,
				04D797FE297A578900DC9C6F /* SceneDelegate.swift in Sources */,
				040C6983297B1CE300F28EEB /* NatureCollectionViewCell.swift in Sources */,
			);
			runOnlyForDeploymentPostprocessing = 0;
		};
/* End PBXSourcesBuildPhase section */

/* Begin PBXVariantGroup section */
		04D79801297A578900DC9C6F /* Main.storyboard */ = {
			isa = PBXVariantGroup;
			children = (
				04D79802297A578900DC9C6F /* Base */,
			);
			name = Main.storyboard;
			sourceTree = "<group>";
		};
		04D79806297A578B00DC9C6F /* LaunchScreen.storyboard */ = {
			isa = PBXVariantGroup;
			children = (
				04D79807297A578B00DC9C6F /* Base */,
			);
			name = LaunchScreen.storyboard;
			sourceTree = "<group>";
		};
/* End PBXVariantGroup section */

/* Begin XCBuildConfiguration section */
		04D7980A297A578B00DC9C6F /* Debug */ = {
			isa = XCBuildConfiguration;
			buildSettings = {
				ALWAYS_SEARCH_USER_PATHS = NO;
				CLANG_ANALYZER_NONNULL = YES;
				CLANG_ANALYZER_NUMBER_OBJECT_CONVERSION = YES_AGGRESSIVE;
				CLANG_CXX_LANGUAGE_STANDARD = "gnu++17";
				CLANG_CXX_LIBRARY = "libc++";
				CLANG_ENABLE_MODULES = YES;
				CLANG_ENABLE_OBJC_ARC = YES;
				CLANG_ENABLE_OBJC_WEAK = YES;
				CLANG_WARN_BLOCK_CAPTURE_AUTORELEASING = YES;
				CLANG_WARN_BOOL_CONVERSION = YES;
				CLANG_WARN_COMMA = YES;
				CLANG_WARN_CONSTANT_CONVERSION = YES;
				CLANG_WARN_DEPRECATED_OBJC_IMPLEMENTATIONS = YES;
				CLANG_WARN_DIRECT_OBJC_ISA_USAGE = YES_ERROR;
				CLANG_WARN_DOCUMENTATION_COMMENTS = YES;
				CLANG_WARN_EMPTY_BODY = YES;
				CLANG_WARN_ENUM_CONVERSION = YES;
				CLANG_WARN_INFINITE_RECURSION = YES;
				CLANG_WARN_INT_CONVERSION = YES;
				CLANG_WARN_NON_LITERAL_NULL_CONVERSION = YES;
				CLANG_WARN_OBJC_IMPLICIT_RETAIN_SELF = YES;
				CLANG_WARN_OBJC_LITERAL_CONVERSION = YES;
				CLANG_WARN_OBJC_ROOT_CLASS = YES_ERROR;
				CLANG_WARN_QUOTED_INCLUDE_IN_FRAMEWORK_HEADER = YES;
				CLANG_WARN_RANGE_LOOP_ANALYSIS = YES;
				CLANG_WARN_STRICT_PROTOTYPES = YES;
				CLANG_WARN_SUSPICIOUS_MOVE = YES;
				CLANG_WARN_UNGUARDED_AVAILABILITY = YES_AGGRESSIVE;
				CLANG_WARN_UNREACHABLE_CODE = YES;
				CLANG_WARN__DUPLICATE_METHOD_MATCH = YES;
				COPY_PHASE_STRIP = NO;
				DEBUG_INFORMATION_FORMAT = dwarf;
				ENABLE_STRICT_OBJC_MSGSEND = YES;
				ENABLE_TESTABILITY = YES;
				GCC_C_LANGUAGE_STANDARD = gnu11;
				GCC_DYNAMIC_NO_PIC = NO;
				GCC_NO_COMMON_BLOCKS = YES;
				GCC_OPTIMIZATION_LEVEL = 0;
				GCC_PREPROCESSOR_DEFINITIONS = (
					"DEBUG=1",
					"$(inherited)",
				);
				GCC_WARN_64_TO_32_BIT_CONVERSION = YES;
				GCC_WARN_ABOUT_RETURN_TYPE = YES_ERROR;
				GCC_WARN_UNDECLARED_SELECTOR = YES;
				GCC_WARN_UNINITIALIZED_AUTOS = YES_AGGRESSIVE;
				GCC_WARN_UNUSED_FUNCTION = YES;
				GCC_WARN_UNUSED_VARIABLE = YES;
				IPHONEOS_DEPLOYMENT_TARGET = 15.2;
				MTL_ENABLE_DEBUG_INFO = INCLUDE_SOURCE;
				MTL_FAST_MATH = YES;
				ONLY_ACTIVE_ARCH = YES;
				SDKROOT = iphoneos;
				SWIFT_ACTIVE_COMPILATION_CONDITIONS = DEBUG;
				SWIFT_OPTIMIZATION_LEVEL = "-Onone";
			};
			name = Debug;
		};
		04D7980B297A578B00DC9C6F /* Release */ = {
			isa = XCBuildConfiguration;
			buildSettings = {
				ALWAYS_SEARCH_USER_PATHS = NO;
				CLANG_ANALYZER_NONNULL = YES;
				CLANG_ANALYZER_NUMBER_OBJECT_CONVERSION = YES_AGGRESSIVE;
				CLANG_CXX_LANGUAGE_STANDARD = "gnu++17";
				CLANG_CXX_LIBRARY = "libc++";
				CLANG_ENABLE_MODULES = YES;
				CLANG_ENABLE_OBJC_ARC = YES;
				CLANG_ENABLE_OBJC_WEAK = YES;
				CLANG_WARN_BLOCK_CAPTURE_AUTORELEASING = YES;
				CLANG_WARN_BOOL_CONVERSION = YES;
				CLANG_WARN_COMMA = YES;
				CLANG_WARN_CONSTANT_CONVERSION = YES;
				CLANG_WARN_DEPRECATED_OBJC_IMPLEMENTATIONS = YES;
				CLANG_WARN_DIRECT_OBJC_ISA_USAGE = YES_ERROR;
				CLANG_WARN_DOCUMENTATION_COMMENTS = YES;
				CLANG_WARN_EMPTY_BODY = YES;
				CLANG_WARN_ENUM_CONVERSION = YES;
				CLANG_WARN_INFINITE_RECURSION = YES;
				CLANG_WARN_INT_CONVERSION = YES;
				CLANG_WARN_NON_LITERAL_NULL_CONVERSION = YES;
				CLANG_WARN_OBJC_IMPLICIT_RETAIN_SELF = YES;
				CLANG_WARN_OBJC_LITERAL_CONVERSION = YES;
				CLANG_WARN_OBJC_ROOT_CLASS = YES_ERROR;
				CLANG_WARN_QUOTED_INCLUDE_IN_FRAMEWORK_HEADER = YES;
				CLANG_WARN_RANGE_LOOP_ANALYSIS = YES;
				CLANG_WARN_STRICT_PROTOTYPES = YES;
				CLANG_WARN_SUSPICIOUS_MOVE = YES;
				CLANG_WARN_UNGUARDED_AVAILABILITY = YES_AGGRESSIVE;
				CLANG_WARN_UNREACHABLE_CODE = YES;
				CLANG_WARN__DUPLICATE_METHOD_MATCH = YES;
				COPY_PHASE_STRIP = NO;
				DEBUG_INFORMATION_FORMAT = "dwarf-with-dsym";
				ENABLE_NS_ASSERTIONS = NO;
				ENABLE_STRICT_OBJC_MSGSEND = YES;
				GCC_C_LANGUAGE_STANDARD = gnu11;
				GCC_NO_COMMON_BLOCKS = YES;
				GCC_WARN_64_TO_32_BIT_CONVERSION = YES;
				GCC_WARN_ABOUT_RETURN_TYPE = YES_ERROR;
				GCC_WARN_UNDECLARED_SELECTOR = YES;
				GCC_WARN_UNINITIALIZED_AUTOS = YES_AGGRESSIVE;
				GCC_WARN_UNUSED_FUNCTION = YES;
				GCC_WARN_UNUSED_VARIABLE = YES;
				IPHONEOS_DEPLOYMENT_TARGET = 15.2;
				MTL_ENABLE_DEBUG_INFO = NO;
				MTL_FAST_MATH = YES;
				SDKROOT = iphoneos;
				SWIFT_COMPILATION_MODE = wholemodule;
				SWIFT_OPTIMIZATION_LEVEL = "-O";
				VALIDATE_PRODUCT = YES;
			};
			name = Release;
		};
		04D7980D297A578B00DC9C6F /* Debug */ = {
			isa = XCBuildConfiguration;
			buildSettings = {
				ASSETCATALOG_COMPILER_APPICON_NAME = AppIcon;
				ASSETCATALOG_COMPILER_GLOBAL_ACCENT_COLOR_NAME = AccentColor;
				CODE_SIGN_STYLE = Automatic;
				CURRENT_PROJECT_VERSION = 1;
				GENERATE_INFOPLIST_FILE = YES;
				INFOPLIST_FILE = UICollectionViewCompositionalLayout/Info.plist;
				INFOPLIST_KEY_UIApplicationSupportsIndirectInputEvents = YES;
				INFOPLIST_KEY_UILaunchStoryboardName = LaunchScreen;
				INFOPLIST_KEY_UIMainStoryboardFile = Main;
				INFOPLIST_KEY_UISupportedInterfaceOrientations_iPad = "UIInterfaceOrientationPortrait UIInterfaceOrientationPortraitUpsideDown UIInterfaceOrientationLandscapeLeft UIInterfaceOrientationLandscapeRight";
				INFOPLIST_KEY_UISupportedInterfaceOrientations_iPhone = "UIInterfaceOrientationPortrait UIInterfaceOrientationLandscapeLeft UIInterfaceOrientationLandscapeRight";
				LD_RUNPATH_SEARCH_PATHS = (
					"$(inherited)",
					"@executable_path/Frameworks",
				);
				MARKETING_VERSION = 1.0;
				PRODUCT_BUNDLE_IDENTIFIER = com.Ahmed.UICollectionViewCompositionalLayout;
				PRODUCT_NAME = "$(TARGET_NAME)";
				SWIFT_EMIT_LOC_STRINGS = YES;
				SWIFT_VERSION = 5.0;
				TARGETED_DEVICE_FAMILY = "1,2";
			};
			name = Debug;
		};
		04D7980E297A578B00DC9C6F /* Release */ = {
			isa = XCBuildConfiguration;
			buildSettings = {
				ASSETCATALOG_COMPILER_APPICON_NAME = AppIcon;
				ASSETCATALOG_COMPILER_GLOBAL_ACCENT_COLOR_NAME = AccentColor;
				CODE_SIGN_STYLE = Automatic;
				CURRENT_PROJECT_VERSION = 1;
				GENERATE_INFOPLIST_FILE = YES;
				INFOPLIST_FILE = UICollectionViewCompositionalLayout/Info.plist;
				INFOPLIST_KEY_UIApplicationSupportsIndirectInputEvents = YES;
				INFOPLIST_KEY_UILaunchStoryboardName = LaunchScreen;
				INFOPLIST_KEY_UIMainStoryboardFile = Main;
				INFOPLIST_KEY_UISupportedInterfaceOrientations_iPad = "UIInterfaceOrientationPortrait UIInterfaceOrientationPortraitUpsideDown UIInterfaceOrientationLandscapeLeft UIInterfaceOrientationLandscapeRight";
				INFOPLIST_KEY_UISupportedInterfaceOrientations_iPhone = "UIInterfaceOrientationPortrait UIInterfaceOrientationLandscapeLeft UIInterfaceOrientationLandscapeRight";
				LD_RUNPATH_SEARCH_PATHS = (
					"$(inherited)",
					"@executable_path/Frameworks",
				);
				MARKETING_VERSION = 1.0;
				PRODUCT_BUNDLE_IDENTIFIER = com.Ahmed.UICollectionViewCompositionalLayout;
				PRODUCT_NAME = "$(TARGET_NAME)";
				SWIFT_EMIT_LOC_STRINGS = YES;
				SWIFT_VERSION = 5.0;
				TARGETED_DEVICE_FAMILY = "1,2";
			};
			name = Release;
		};
/* End XCBuildConfiguration section */

/* Begin XCConfigurationList section */
		04D797F3297A578800DC9C6F /* Build configuration list for PBXProject "UICollectionViewCompositionalLayout" */ = {
			isa = XCConfigurationList;
			buildConfigurations = (
				04D7980A297A578B00DC9C6F /* Debug */,
				04D7980B297A578B00DC9C6F /* Release */,
			);
			defaultConfigurationIsVisible = 0;
			defaultConfigurationName = Release;
		};
		04D7980C297A578B00DC9C6F /* Build configuration list for PBXNativeTarget "UICollectionViewCompositionalLayout" */ = {
			isa = XCConfigurationList;
			buildConfigurations = (
				04D7980D297A578B00DC9C6F /* Debug */,
				04D7980E297A578B00DC9C6F /* Release */,
			);
			defaultConfigurationIsVisible = 0;
			defaultConfigurationName = Release;
		};
/* End XCConfigurationList section */
	};
	rootObject = 04D797F0297A578800DC9C6F /* Project object */;
}
